
Microsoft Visual Studio Solution File, Format Version 12.00
# Visual Studio 2013
VisualStudioVersion = 12.0.30723.0
MinimumVisualStudioVersion = 10.0.40219.1
Project("{FAE04EC0-301F-11D3-BF4B-00C04F79EFBC}") = "Quote", "Quote\Quote.csproj", "{79E235A1-CE1D-4961-B7FE-733ADE1F0E03}"
EndProject
Project("{FAE04EC0-301F-11D3-BF4B-00C04F79EFBC}") = "QuoteAlgorithm", "QuoteAlgorithm\QuoteAlgorithm.csproj", "{D1BC0FE6-92FE-4621-A81B-30E304B5EA07}"
EndProject
Project("{FAE04EC0-301F-11D3-BF4B-00C04F79EFBC}") = "QuoteAlgorithmTests", "QuoteAlgorithmTests\QuoteAlgorithmTests.csproj", "{3369AADE-EBBC-4627-9FC4-B8A3AD07D694}"
EndProject
Global
	GlobalSection(SolutionConfigurationPlatforms) = preSolution
		Debug|Any CPU = Debug|Any CPU
		Release|Any CPU = Release|Any CPU
	EndGlobalSection
	GlobalSection(ProjectConfigurationPlatforms) = postSolution
		{79E235A1-CE1D-4961-B7FE-733ADE1F0E03}.Debug|Any CPU.ActiveCfg = Debug|Any CPU
		{79E235A1-CE1D-4961-B7FE-733ADE1F0E03}.Debug|Any CPU.Build.0 = Debug|Any CPU
		{79E235A1-CE1D-4961-B7FE-733ADE1F0E03}.Release|Any CPU.ActiveCfg = Release|Any CPU
		{79E235A1-CE1D-4961-B7FE-733ADE1F0E03}.Release|Any CPU.Build.0 = Release|Any CPU
		{D1BC0FE6-92FE-4621-A81B-30E304B5EA07}.Debug|Any CPU.ActiveCfg = Debug|Any CPU
		{D1BC0FE6-92FE-4621-A81B-30E304B5EA07}.Debug|Any CPU.Build.0 = Debug|Any CPU
		{D1BC0FE6-92FE-4621-A81B-30E304B5EA07}.Release|Any CPU.ActiveCfg = Release|Any CPU
		{D1BC0FE6-92FE-4621-A81B-30E304B5EA07}.Release|Any CPU.Build.0 = Release|Any CPU
		{3369AADE-EBBC-4627-9FC4-B8A3AD07D694}.Debug|Any CPU.ActiveCfg = Debug|Any CPU
		{3369AADE-EBBC-4627-9FC4-B8A3AD07D694}.Debug|Any CPU.Build.0 = Debug|Any CPU
		{3369AADE-EBBC-4627-9FC4-B8A3AD07D694}.Release|Any CPU.ActiveCfg = Release|Any CPU
		{3369AADE-EBBC-4627-9FC4-B8A3AD07D694}.Release|Any CPU.Build.0 = Release|Any CPU
	EndGlobalSection
	GlobalSection(SolutionProperties) = preSolution
		HideSolutionNode = FALSE
	EndGlobalSection
EndGlobal
